
Microsoft Visual Studio Solution File, Format Version 12.00
# Visual Studio Version 16
VisualStudioVersion = 16.0.30114.105
MinimumVisualStudioVersion = 10.0.40219.1
Project("{9A19103F-16F7-4668-BE54-9A1E7A4F7556}") = "Pluralizer", "Pluralizer\Pluralizer.csproj", "{AB9C5420-6135-4B0B-8D46-0B33E969B04A}"
EndProject
Project("{FAE04EC0-301F-11D3-BF4B-00C04F79EFBC}") = "Pluralizer.Tests", "Pluralizer.Tests\Pluralizer.Tests.csproj", "{13B8EC7F-8903-4464-AEDF-2EA9AE11758E}"
EndProject
Global
	GlobalSection(SolutionConfigurationPlatforms) = preSolution
		Debug|Any CPU = Debug|Any CPU
		Release|Any CPU = Release|Any CPU
	EndGlobalSection
	GlobalSection(ProjectConfigurationPlatforms) = postSolution
		{AB9C5420-6135-4B0B-8D46-0B33E969B04A}.Debug|Any CPU.ActiveCfg = Debug|Any CPU
		{AB9C5420-6135-4B0B-8D46-0B33E969B04A}.Debug|Any CPU.Build.0 = Debug|Any CPU
		{AB9C5420-6135-4B0B-8D46-0B33E969B04A}.Release|Any CPU.ActiveCfg = Release|Any CPU
		{AB9C5420-6135-4B0B-8D46-0B33E969B04A}.Release|Any CPU.Build.0 = Release|Any CPU
		{13B8EC7F-8903-4464-AEDF-2EA9AE11758E}.Debug|Any CPU.ActiveCfg = Debug|Any CPU
		{13B8EC7F-8903-4464-AEDF-2EA9AE11758E}.Debug|Any CPU.Build.0 = Debug|Any CPU
		{13B8EC7F-8903-4464-AEDF-2EA9AE11758E}.Release|Any CPU.ActiveCfg = Release|Any CPU
		{13B8EC7F-8903-4464-AEDF-2EA9AE11758E}.Release|Any CPU.Build.0 = Release|Any CPU
	EndGlobalSection
	GlobalSection(SolutionProperties) = preSolution
		HideSolutionNode = FALSE
	EndGlobalSection
	GlobalSection(ExtensibilityGlobals) = postSolution
		SolutionGuid = {1950D167-BBE1-45A4-8149-F4040D22EE83}
	EndGlobalSection
EndGlobal
